
Microsoft Visual Studio Solution File, Format Version 12.00
# Visual Studio Version 16
VisualStudioVersion = 16.0.29326.143
MinimumVisualStudioVersion = 10.0.40219.1
Project("{FAE04EC0-301F-11D3-BF4B-00C04F79EFBC}") = "CSharp Advanced Exam - 26 October 2019", "CSharp Advanced Exam - 26 October 2019\CSharp Advanced Exam - 26 October 2019.csproj", "{732D9BA1-240C-4C2C-ADE0-EBF206BE4FC3}"
EndProject
Project("{FAE04EC0-301F-11D3-BF4B-00C04F79EFBC}") = "1. Dating App", "1. Dating App\1. Dating App.csproj", "{376BE220-4256-4EEF-A5DC-D358CC5FA3B3}"
EndProject
Project("{FAE04EC0-301F-11D3-BF4B-00C04F79EFBC}") = "2. Book Worm", "2. Book Worm\2. Book Worm.csproj", "{C597DF42-74AF-40A5-973E-1A6D0489D2C5}"
EndProject
Global
	GlobalSection(SolutionConfigurationPlatforms) = preSolution
		Debug|Any CPU = Debug|Any CPU
		Release|Any CPU = Release|Any CPU
	EndGlobalSection
	GlobalSection(ProjectConfigurationPlatforms) = postSolution
		{732D9BA1-240C-4C2C-ADE0-EBF206BE4FC3}.Debug|Any CPU.ActiveCfg = Debug|Any CPU
		{732D9BA1-240C-4C2C-ADE0-EBF206BE4FC3}.Debug|Any CPU.Build.0 = Debug|Any CPU
		{732D9BA1-240C-4C2C-ADE0-EBF206BE4FC3}.Release|Any CPU.ActiveCfg = Release|Any CPU
		{732D9BA1-240C-4C2C-ADE0-EBF206BE4FC3}.Release|Any CPU.Build.0 = Release|Any CPU
		{376BE220-4256-4EEF-A5DC-D358CC5FA3B3}.Debug|Any CPU.ActiveCfg = Debug|Any CPU
		{376BE220-4256-4EEF-A5DC-D358CC5FA3B3}.Debug|Any CPU.Build.0 = Debug|Any CPU
		{376BE220-4256-4EEF-A5DC-D358CC5FA3B3}.Release|Any CPU.ActiveCfg = Release|Any CPU
		{376BE220-4256-4EEF-A5DC-D358CC5FA3B3}.Release|Any CPU.Build.0 = Release|Any CPU
		{C597DF42-74AF-40A5-973E-1A6D0489D2C5}.Debug|Any CPU.ActiveCfg = Debug|Any CPU
		{C597DF42-74AF-40A5-973E-1A6D0489D2C5}.Debug|Any CPU.Build.0 = Debug|Any CPU
		{C597DF42-74AF-40A5-973E-1A6D0489D2C5}.Release|Any CPU.ActiveCfg = Release|Any CPU
		{C597DF42-74AF-40A5-973E-1A6D0489D2C5}.Release|Any CPU.Build.0 = Release|Any CPU
	EndGlobalSection
	GlobalSection(SolutionProperties) = preSolution
		HideSolutionNode = FALSE
	EndGlobalSection
	GlobalSection(ExtensibilityGlobals) = postSolution
		SolutionGuid = {01DE5F1D-24D8-445A-BA13-A193580235E5}
	EndGlobalSection
EndGlobal
