
Microsoft Visual Studio Solution File, Format Version 12.00
# Visual Studio Version 16
VisualStudioVersion = 16.0.29920.165
MinimumVisualStudioVersion = 10.0.40219.1
Project("{FAE04EC0-301F-11D3-BF4B-00C04F79EFBC}") = "P03_SalesDatabase", "P03_SalesDatabase\P03_SalesDatabase.csproj", "{ABC9BE47-5825-4B17-8D29-FCCFE2616046}"
EndProject
Global
	GlobalSection(SolutionConfigurationPlatforms) = preSolution
		Debug|Any CPU = Debug|Any CPU
		Release|Any CPU = Release|Any CPU
	EndGlobalSection
	GlobalSection(ProjectConfigurationPlatforms) = postSolution
		{ABC9BE47-5825-4B17-8D29-FCCFE2616046}.Debug|Any CPU.ActiveCfg = Debug|Any CPU
		{ABC9BE47-5825-4B17-8D29-FCCFE2616046}.Debug|Any CPU.Build.0 = Debug|Any CPU
		{ABC9BE47-5825-4B17-8D29-FCCFE2616046}.Release|Any CPU.ActiveCfg = Release|Any CPU
		{ABC9BE47-5825-4B17-8D29-FCCFE2616046}.Release|Any CPU.Build.0 = Release|Any CPU
	EndGlobalSection
	GlobalSection(SolutionProperties) = preSolution
		HideSolutionNode = FALSE
	EndGlobalSection
	GlobalSection(ExtensibilityGlobals) = postSolution
		SolutionGuid = {5A355687-3C74-4C03-9302-51E154F7743C}
	EndGlobalSection
EndGlobal
